# THIS IS AN AUTOGENERATED FILE. DO NOT EDIT THIS FILE DIRECTLY.
# yarn lockfile v1


ogl@^1.0.11:
  version "1.0.11"
  resolved "https://registry.yarnpkg.com/ogl/-/ogl-1.0.11.tgz#369d6b8681035500fbb14d461f4d74f014527b88"
  integrity sha512-kUpC154AFfxi16pmZUK4jk3J+8zxwTWGPo03EoYA8QPbzikHoaC82n6pNTbd+oEaJonaE8aPWBlX7ad9zrqLsA==
